
Microsoft Visual Studio Solution File, Format Version 12.00
Project("{FAE04EC0-301F-11D3-BF4B-00C04F79EFBC}") = "Metotlar3_11", "Metotlar3_11\Metotlar3_11.csproj", "{BDA17582-D410-41F4-9E6C-A75C75A43FA7}"
EndProject
Global
	GlobalSection(SolutionConfigurationPlatforms) = preSolution
		Debug|Any CPU = Debug|Any CPU
		Release|Any CPU = Release|Any CPU
	EndGlobalSection
	GlobalSection(ProjectConfigurationPlatforms) = postSolution
		{BDA17582-D410-41F4-9E6C-A75C75A43FA7}.Debug|Any CPU.ActiveCfg = Debug|Any CPU
		{BDA17582-D410-41F4-9E6C-A75C75A43FA7}.Debug|Any CPU.Build.0 = Debug|Any CPU
		{BDA17582-D410-41F4-9E6C-A75C75A43FA7}.Release|Any CPU.ActiveCfg = Release|Any CPU
		{BDA17582-D410-41F4-9E6C-A75C75A43FA7}.Release|Any CPU.Build.0 = Release|Any CPU
	EndGlobalSection
EndGlobal
